// !$*UTF8*$!
{
	archiveVersion = 1;
	classes = {
	};
	objectVersion = 77;
	objects = {

/* Begin PBXBuildFile section */
		00F6C5738E540C42E274F87D /* Notifier.swift in Sources */ = {isa = PBXBuildFile; fileRef = 876A030A1976AC7424BB9D84 /* Notifier.swift */; };
		109B32CC2496E6DF81C5D50D /* ClaudeTapApp.swift in Sources */ = {isa = PBXBuildFile; fileRef = 11A8FC0014E2B3CA4ED15DAE /* ClaudeTapApp.swift */; };
		2585805F140DDBD007F05D0C /* ContentView.swift in Sources */ = {isa = PBXBuildFile; fileRef = 58B7CD2791E5A6197346C8A3 /* ContentView.swift */; };
		2C503F1E070D62C17C3B743C /* Card.swift in Sources */ = {isa = PBXBuildFile; fileRef = 48283035BCB58D8250CC658F /* Card.swift */; };
		305A0701BFE47A8A5D5246BB /* Assets.xcassets in Resources */ = {isa = PBXBuildFile; fileRef = CD6E4CE7D60B65D019EEAAF6 /* Assets.xcassets */; };
		32A78FE477D19D18BF6759AA /* tips.json in Resources */ = {isa = PBXBuildFile; fileRef = D1A3165E3D06FF585DE2C00A /* tips.json */; };
		42046951F2D1F1EE7A3A3FD2 /* OtherViews.swift in Sources */ = {isa = PBXBuildFile; fileRef = 9ECA0B6256B930DED5210B8A /* OtherViews.swift */; };
		48241055D0F95382E50197F5 /* ClaudeTapWidget.appex in Embed Foundation Extensions */ = {isa = PBXBuildFile; fileRef = 7DA975C63A68CF5CCF086429 /* ClaudeTapWidget.appex */; settings = {ATTRIBUTES = (RemoveHeadersOnCopy, ); }; };
		4D5171186B8ED997E9D1E334 /* tips.json in Resources */ = {isa = PBXBuildFile; fileRef = D1A3165E3D06FF585DE2C00A /* tips.json */; };
		4FE1AF8967EEFFB4D143771B /* CardDeck.swift in Sources */ = {isa = PBXBuildFile; fileRef = E3B71F1E09268517E56D3E9C /* CardDeck.swift */; };
		70FE435CE031BCDB0BDF49E0 /* TipWidget.swift in Sources */ = {isa = PBXBuildFile; fileRef = D36384B7165BC05D95193A8C /* TipWidget.swift */; };
		7F635FC95CE730DEE6A7324B /* Card.swift in Sources */ = {isa = PBXBuildFile; fileRef = 48283035BCB58D8250CC658F /* Card.swift */; };
		846F5F8E9C968979BEA4A15E /* ClaudeTapWatch.app in Embed Watch Content */ = {isa = PBXBuildFile; fileRef = 817F0D969BA62547421B441F /* ClaudeTapWatch.app */; settings = {ATTRIBUTES = (RemoveHeadersOnCopy, ); }; };
		86610D5C5319AC8DFAB89934 /* Config.swift in Sources */ = {isa = PBXBuildFile; fileRef = BB070DE8C671EE51AA2901F3 /* Config.swift */; };
/* End PBXBuildFile section */

/* Begin PBXContainerItemProxy section */
		0CE7BDEB6CD95A9A3B8D3BD2 /* PBXContainerItemProxy */ = {
			isa = PBXContainerItemProxy;
			containerPortal = 6DF678D8C9019C75393F9324 /* Project object */;
			proxyType = 1;
			remoteGlobalIDString = 3B985E0E97798F51C3ADEEC3;
			remoteInfo = ClaudeTapWidget;
		};
		900FB7DD414252DACE36C837 /* PBXContainerItemProxy */ = {
			isa = PBXContainerItemProxy;
			containerPortal = 6DF678D8C9019C75393F9324 /* Project object */;
			proxyType = 1;
			remoteGlobalIDString = 47BB3F3D0FBDAD7678A7CAC7;
			remoteInfo = ClaudeTapWatch;
		};
/* End PBXContainerItemProxy section */

/* Begin PBXCopyFilesBuildPhase section */
		C6DFB8CA1DEAD9AD0D1D5A9E /* Embed Foundation Extensions */ = {
			isa = PBXCopyFilesBuildPhase;
			buildActionMask = 2147483647;
			dstPath = "";
			dstSubfolderSpec = 13;
			files = (
				48241055D0F95382E50197F5 /* ClaudeTapWidget.appex in Embed Foundation Extensions */,
			);
			name = "Embed Foundation Extensions";
			runOnlyForDeploymentPostprocessing = 0;
		};
		E4309A7F40A1D34DFA48B644 /* Embed Watch Content */ = {
			isa = PBXCopyFilesBuildPhase;
			buildActionMask = 2147483647;
			dstPath = "$(CONTENTS_FOLDER_PATH)/Watch";
			dstSubfolderSpec = 16;
			files = (
				846F5F8E9C968979BEA4A15E /* ClaudeTapWatch.app in Embed Watch Content */,
			);
			name = "Embed Watch Content";
			runOnlyForDeploymentPostprocessing = 0;
		};
/* End PBXCopyFilesBuildPhase section */

/* Begin PBXFileReference section */
		11A8FC0014E2B3CA4ED15DAE /* ClaudeTapApp.swift */ = {isa = PBXFileReference; lastKnownFileType = sourcecode.swift; path = ClaudeTapApp.swift; sourceTree = "<group>"; };
		3D839A44DC4EA688E34B7933 /* Info.plist */ = {isa = PBXFileReference; lastKnownFileType = text.plist; path = Info.plist; sourceTree = "<group>"; };
		48283035BCB58D8250CC658F /* Card.swift */ = {isa = PBXFileReference; lastKnownFileType = sourcecode.swift; path = Card.swift; sourceTree = "<group>"; };
		58B7CD2791E5A6197346C8A3 /* ContentView.swift */ = {isa = PBXFileReference; lastKnownFileType = sourcecode.swift; path = ContentView.swift; sourceTree = "<group>"; };
		72C2E13457E4E54EF76491EE /* Info.plist */ = {isa = PBXFileReference; lastKnownFileType = text.plist; path = Info.plist; sourceTree = "<group>"; };
		7DA975C63A68CF5CCF086429 /* ClaudeTapWidget.appex */ = {isa = PBXFileReference; explicitFileType = "wrapper.app-extension"; includeInIndex = 0; path = ClaudeTapWidget.appex; sourceTree = BUILT_PRODUCTS_DIR; };
		7E8537466BB7435EC1B21C21 /* ClaudeTap.app */ = {isa = PBXFileReference; includeInIndex = 0; lastKnownFileType = wrapper.application; path = ClaudeTap.app; sourceTree = BUILT_PRODUCTS_DIR; };
		817F0D969BA62547421B441F /* ClaudeTapWatch.app */ = {isa = PBXFileReference; explicitFileType = wrapper.application; includeInIndex = 0; path = ClaudeTapWatch.app; sourceTree = BUILT_PRODUCTS_DIR; };
		876A030A1976AC7424BB9D84 /* Notifier.swift */ = {isa = PBXFileReference; lastKnownFileType = sourcecode.swift; path = Notifier.swift; sourceTree = "<group>"; };
		9ECA0B6256B930DED5210B8A /* OtherViews.swift */ = {isa = PBXFileReference; lastKnownFileType = sourcecode.swift; path = OtherViews.swift; sourceTree = "<group>"; };
		BB070DE8C671EE51AA2901F3 /* Config.swift */ = {isa = PBXFileReference; lastKnownFileType = sourcecode.swift; path = Config.swift; sourceTree = "<group>"; };
		CD6E4CE7D60B65D019EEAAF6 /* Assets.xcassets */ = {isa = PBXFileReference; lastKnownFileType = folder.assetcatalog; path = Assets.xcassets; sourceTree = "<group>"; };
		D1A3165E3D06FF585DE2C00A /* tips.json */ = {isa = PBXFileReference; lastKnownFileType = text.json; path = tips.json; sourceTree = "<group>"; };
		D36384B7165BC05D95193A8C /* TipWidget.swift */ = {isa = PBXFileReference; lastKnownFileType = sourcecode.swift; path = TipWidget.swift; sourceTree = "<group>"; };
		E3B71F1E09268517E56D3E9C /* CardDeck.swift */ = {isa = PBXFileReference; lastKnownFileType = sourcecode.swift; path = CardDeck.swift; sourceTree = "<group>"; };
/* End PBXFileReference section */

/* Begin PBXGroup section */
		61E623512662038625FBA01A /* App */ = {
			isa = PBXGroup;
			children = (
				CD6E4CE7D60B65D019EEAAF6 /* Assets.xcassets */,
				E3B71F1E09268517E56D3E9C /* CardDeck.swift */,
				11A8FC0014E2B3CA4ED15DAE /* ClaudeTapApp.swift */,
				BB070DE8C671EE51AA2901F3 /* Config.swift */,
				58B7CD2791E5A6197346C8A3 /* ContentView.swift */,
				72C2E13457E4E54EF76491EE /* Info.plist */,
				876A030A1976AC7424BB9D84 /* Notifier.swift */,
				9ECA0B6256B930DED5210B8A /* OtherViews.swift */,
			);
			path = App;
			sourceTree = "<group>";
		};
		8D778BB7976890C83324520E /* Shared */ = {
			isa = PBXGroup;
			children = (
				48283035BCB58D8250CC658F /* Card.swift */,
				D1A3165E3D06FF585DE2C00A /* tips.json */,
			);
			path = Shared;
			sourceTree = "<group>";
		};
		99994E5F3AA48DB9F996D186 = {
			isa = PBXGroup;
			children = (
				61E623512662038625FBA01A /* App */,
				8D778BB7976890C83324520E /* Shared */,
				BACD8BE0C56202583F394F31 /* Widget */,
				FC746DBE48E546EC9B544850 /* Products */,
			);
			sourceTree = "<group>";
		};
		BACD8BE0C56202583F394F31 /* Widget */ = {
			isa = PBXGroup;
			children = (
				3D839A44DC4EA688E34B7933 /* Info.plist */,
				D36384B7165BC05D95193A8C /* TipWidget.swift */,
			);
			path = Widget;
			sourceTree = "<group>";
		};
		FC746DBE48E546EC9B544850 /* Products */ = {
			isa = PBXGroup;
			children = (
				7E8537466BB7435EC1B21C21 /* ClaudeTap.app */,
				817F0D969BA62547421B441F /* ClaudeTapWatch.app */,
				7DA975C63A68CF5CCF086429 /* ClaudeTapWidget.appex */,
			);
			name = Products;
			sourceTree = "<group>";
		};
/* End PBXGroup section */

/* Begin PBXNativeTarget section */
		3B985E0E97798F51C3ADEEC3 /* ClaudeTapWidget */ = {
			isa = PBXNativeTarget;
			buildConfigurationList = 6CE46A481849114498438DC5 /* Build configuration list for PBXNativeTarget "ClaudeTapWidget" */;
			buildPhases = (
				4256C10C30A530C35800B7E6 /* Sources */,
				683902BC8B6D5FD5D7C171AB /* Resources */,
			);
			buildRules = (
			);
			dependencies = (
			);
			name = ClaudeTapWidget;
			packageProductDependencies = (
			);
			productName = ClaudeTapWidget;
			productReference = 7DA975C63A68CF5CCF086429 /* ClaudeTapWidget.appex */;
			productType = "com.apple.product-type.app-extension";
		};
		47BB3F3D0FBDAD7678A7CAC7 /* ClaudeTapWatch */ = {
			isa = PBXNativeTarget;
			buildConfigurationList = 874FB94510C6CE0B78E0D8A7 /* Build configuration list for PBXNativeTarget "ClaudeTapWatch" */;
			buildPhases = (
				744035C6863EF3C4D233C0AB /* Sources */,
				8206D370BF10D127F28C0BD3 /* Resources */,
				C6DFB8CA1DEAD9AD0D1D5A9E /* Embed Foundation Extensions */,
			);
			buildRules = (
			);
			dependencies = (
				08A6D38AB338B871B12DED38 /* PBXTargetDependency */,
			);
			name = ClaudeTapWatch;
			packageProductDependencies = (
			);
			productName = ClaudeTapWatch;
			productReference = 817F0D969BA62547421B441F /* ClaudeTapWatch.app */;
			productType = "com.apple.product-type.application";
		};
		FDF204F74161A7BD3E936631 /* ClaudeTap */ = {
			isa = PBXNativeTarget;
			buildConfigurationList = 0EBFB7B15DFC0CFB3DD48AA9 /* Build configuration list for PBXNativeTarget "ClaudeTap" */;
			buildPhases = (
				F292A747CDD632B10BC9895D /* Sources */,
				E4309A7F40A1D34DFA48B644 /* Embed Watch Content */,
			);
			buildRules = (
			);
			dependencies = (
				2DD5F7E89635CA6391748656 /* PBXTargetDependency */,
			);
			name = ClaudeTap;
			packageProductDependencies = (
			);
			productName = ClaudeTap;
			productReference = 7E8537466BB7435EC1B21C21 /* ClaudeTap.app */;
			productType = "com.apple.product-type.application.watchapp2-container";
		};
/* End PBXNativeTarget section */

/* Begin PBXProject section */
		6DF678D8C9019C75393F9324 /* Project object */ = {
			isa = PBXProject;
			attributes = {
				BuildIndependentTargetsInParallel = YES;
				LastUpgradeCheck = 1430;
				TargetAttributes = {
					3B985E0E97798F51C3ADEEC3 = {
						DevelopmentTeam = G692HH5654;
						ProvisioningStyle = Automatic;
					};
					47BB3F3D0FBDAD7678A7CAC7 = {
						DevelopmentTeam = G692HH5654;
						ProvisioningStyle = Automatic;
					};
					FDF204F74161A7BD3E936631 = {
						DevelopmentTeam = G692HH5654;
						ProvisioningStyle = Automatic;
					};
				};
			};
			buildConfigurationList = 39B8D40970F31215C664A485 /* Build configuration list for PBXProject "ClaudeTap" */;
			developmentRegion = en;
			hasScannedForEncodings = 0;
			knownRegions = (
				Base,
				en,
			);
			mainGroup = 99994E5F3AA48DB9F996D186;
			minimizedProjectReferenceProxies = 1;
			preferredProjectObjectVersion = 77;
			productRefGroup = FC746DBE48E546EC9B544850 /* Products */;
			projectDirPath = "";
			projectRoot = "";
			targets = (
				FDF204F74161A7BD3E936631 /* ClaudeTap */,
				47BB3F3D0FBDAD7678A7CAC7 /* ClaudeTapWatch */,
				3B985E0E97798F51C3ADEEC3 /* ClaudeTapWidget */,
			);
		};
/* End PBXProject section */

/* Begin PBXResourcesBuildPhase section */
		683902BC8B6D5FD5D7C171AB /* Resources */ = {
			isa = PBXResourcesBuildPhase;
			buildActionMask = 2147483647;
			files = (
				4D5171186B8ED997E9D1E334 /* tips.json in Resources */,
			);
			runOnlyForDeploymentPostprocessing = 0;
		};
		8206D370BF10D127F28C0BD3 /* Resources */ = {
			isa = PBXResourcesBuildPhase;
			buildActionMask = 2147483647;
			files = (
				305A0701BFE47A8A5D5246BB /* Assets.xcassets in Resources */,
				32A78FE477D19D18BF6759AA /* tips.json in Resources */,
			);
			runOnlyForDeploymentPostprocessing = 0;
		};
/* End PBXResourcesBuildPhase section */

/* Begin PBXSourcesBuildPhase section */
		4256C10C30A530C35800B7E6 /* Sources */ = {
			isa = PBXSourcesBuildPhase;
			buildActionMask = 2147483647;
			files = (
				7F635FC95CE730DEE6A7324B /* Card.swift in Sources */,
				70FE435CE031BCDB0BDF49E0 /* TipWidget.swift in Sources */,
			);
			runOnlyForDeploymentPostprocessing = 0;
		};
		744035C6863EF3C4D233C0AB /* Sources */ = {
			isa = PBXSourcesBuildPhase;
			buildActionMask = 2147483647;
			files = (
				2C503F1E070D62C17C3B743C /* Card.swift in Sources */,
				4FE1AF8967EEFFB4D143771B /* CardDeck.swift in Sources */,
				109B32CC2496E6DF81C5D50D /* ClaudeTapApp.swift in Sources */,
				86610D5C5319AC8DFAB89934 /* Config.swift in Sources */,
				2585805F140DDBD007F05D0C /* ContentView.swift in Sources */,
				00F6C5738E540C42E274F87D /* Notifier.swift in Sources */,
				42046951F2D1F1EE7A3A3FD2 /* OtherViews.swift in Sources */,
			);
			runOnlyForDeploymentPostprocessing = 0;
		};
		F292A747CDD632B10BC9895D /* Sources */ = {
			isa = PBXSourcesBuildPhase;
			buildActionMask = 2147483647;
			files = (
			);
			runOnlyForDeploymentPostprocessing = 0;
		};
/* End PBXSourcesBuildPhase section */

/* Begin PBXTargetDependency section */
		08A6D38AB338B871B12DED38 /* PBXTargetDependency */ = {
			isa = PBXTargetDependency;
			target = 3B985E0E97798F51C3ADEEC3 /* ClaudeTapWidget */;
			targetProxy = 0CE7BDEB6CD95A9A3B8D3BD2 /* PBXContainerItemProxy */;
		};
		2DD5F7E89635CA6391748656 /* PBXTargetDependency */ = {
			isa = PBXTargetDependency;
			target = 47BB3F3D0FBDAD7678A7CAC7 /* ClaudeTapWatch */;
			targetProxy = 900FB7DD414252DACE36C837 /* PBXContainerItemProxy */;
		};
/* End PBXTargetDependency section */

/* Begin XCBuildConfiguration section */
		00AAB32B53CE27351A25863F /* Debug */ = {
			isa = XCBuildConfiguration;
			buildSettings = {
				ASSETCATALOG_COMPILER_APPICON_NAME = AppIcon;
				ASSETCATALOG_COMPILER_GLOBAL_ACCENT_COLOR_NAME = AccentColor;
				INFOPLIST_FILE = App/Info.plist;
				PRODUCT_BUNDLE_IDENTIFIER = com.zoey1108.claudetap.watchkitapp;
				PRODUCT_NAME = ClaudeTap;
				SDKROOT = watchos;
				SKIP_INSTALL = YES;
				TARGETED_DEVICE_FAMILY = 4;
			};
			name = Debug;
		};
		49E9A9BA71CAA860A0A1408C /* Debug */ = {
			isa = XCBuildConfiguration;
			buildSettings = {
				LD_RUNPATH_SEARCH_PATHS = (
					"$(inherited)",
					"@executable_path/Frameworks",
				);
				PRODUCT_BUNDLE_IDENTIFIER = com.zoey1108.claudetap;
				PRODUCT_NAME = "AI 一点通";
				SDKROOT = iphoneos;
				TARGETED_DEVICE_FAMILY = "1,2";
			};
			name = Debug;
		};
		841C6C375863337EC92C9062 /* Debug */ = {
			isa = XCBuildConfiguration;
			buildSettings = {
				ALWAYS_SEARCH_USER_PATHS = NO;
				CLANG_ANALYZER_NONNULL = YES;
				CLANG_ANALYZER_NUMBER_OBJECT_CONVERSION = YES_AGGRESSIVE;
				CLANG_CXX_LANGUAGE_STANDARD = "gnu++14";
				CLANG_CXX_LIBRARY = "libc++";
				CLANG_ENABLE_MODULES = YES;
				CLANG_ENABLE_OBJC_ARC = YES;
				CLANG_ENABLE_OBJC_WEAK = YES;
				CLANG_WARN_BLOCK_CAPTURE_AUTORELEASING = YES;
				CLANG_WARN_BOOL_CONVERSION = YES;
				CLANG_WARN_COMMA = YES;
				CLANG_WARN_CONSTANT_CONVERSION = YES;
				CLANG_WARN_DEPRECATED_OBJC_IMPLEMENTATIONS = YES;
				CLANG_WARN_DIRECT_OBJC_ISA_USAGE = YES_ERROR;
				CLANG_WARN_DOCUMENTATION_COMMENTS = YES;
				CLANG_WARN_EMPTY_BODY = YES;
				CLANG_WARN_ENUM_CONVERSION = YES;
				CLANG_WARN_INFINITE_RECURSION = YES;
				CLANG_WARN_INT_CONVERSION = YES;
				CLANG_WARN_NON_LITERAL_NULL_CONVERSION = YES;
				CLANG_WARN_OBJC_IMPLICIT_RETAIN_SELF = YES;
				CLANG_WARN_OBJC_LITERAL_CONVERSION = YES;
				CLANG_WARN_OBJC_ROOT_CLASS = YES_ERROR;
				CLANG_WARN_QUOTED_INCLUDE_IN_FRAMEWORK_HEADER = YES;
				CLANG_WARN_RANGE_LOOP_ANALYSIS = YES;
				CLANG_WARN_STRICT_PROTOTYPES = YES;
				CLANG_WARN_SUSPICIOUS_MOVE = YES;
				CLANG_WARN_UNGUARDED_AVAILABILITY = YES_AGGRESSIVE;
				CLANG_WARN_UNREACHABLE_CODE = YES;
				CLANG_WARN__DUPLICATE_METHOD_MATCH = YES;
				CODE_SIGN_STYLE = Automatic;
				COPY_PHASE_STRIP = NO;
				CURRENT_PROJECT_VERSION = 1;
				DEBUG_INFORMATION_FORMAT = dwarf;
				DEVELOPMENT_TEAM = G692HH5654;
				ENABLE_STRICT_OBJC_MSGSEND = YES;
				ENABLE_TESTABILITY = YES;
				GCC_C_LANGUAGE_STANDARD = gnu11;
				GCC_DYNAMIC_NO_PIC = NO;
				GCC_NO_COMMON_BLOCKS = YES;
				GCC_OPTIMIZATION_LEVEL = 0;
				GCC_PREPROCESSOR_DEFINITIONS = (
					"$(inherited)",
					"DEBUG=1",
				);
				GCC_WARN_64_TO_32_BIT_CONVERSION = YES;
				GCC_WARN_ABOUT_RETURN_TYPE = YES_ERROR;
				GCC_WARN_UNDECLARED_SELECTOR = YES;
				GCC_WARN_UNINITIALIZED_AUTOS = YES_AGGRESSIVE;
				GCC_WARN_UNUSED_FUNCTION = YES;
				GCC_WARN_UNUSED_VARIABLE = YES;
				GENERATE_INFOPLIST_FILE = YES;
				INFOPLIST_KEY_CFBundleDisplayName = "AI 一点通";
				IPHONEOS_DEPLOYMENT_TARGET = 17.0;
				MARKETING_VERSION = 1.0;
				MTL_ENABLE_DEBUG_INFO = INCLUDE_SOURCE;
				MTL_FAST_MATH = YES;
				ONLY_ACTIVE_ARCH = YES;
				PRODUCT_NAME = "$(TARGET_NAME)";
				SWIFT_ACTIVE_COMPILATION_CONDITIONS = DEBUG;
				SWIFT_OPTIMIZATION_LEVEL = "-Onone";
				SWIFT_VERSION = 5.0;
				WATCHOS_DEPLOYMENT_TARGET = 10.0;
			};
			name = Debug;
		};
		A3A19408081E40164FF7C9FB /* Debug */ = {
			isa = XCBuildConfiguration;
			buildSettings = {
				INFOPLIST_FILE = Widget/Info.plist;
				LD_RUNPATH_SEARCH_PATHS = (
					"$(inherited)",
					"@executable_path/Frameworks",
					"@executable_path/../../Frameworks",
				);
				PRODUCT_BUNDLE_IDENTIFIER = com.zoey1108.claudetap.watchkitapp.widget;
				SDKROOT = watchos;
				SKIP_INSTALL = YES;
				TARGETED_DEVICE_FAMILY = 4;
			};
			name = Debug;
		};
		A4BD5C379B314F617C559562 /* Release */ = {
			isa = XCBuildConfiguration;
			buildSettings = {
				LD_RUNPATH_SEARCH_PATHS = (
					"$(inherited)",
					"@executable_path/Frameworks",
				);
				PRODUCT_BUNDLE_IDENTIFIER = com.zoey1108.claudetap;
				PRODUCT_NAME = "AI 一点通";
				SDKROOT = iphoneos;
				TARGETED_DEVICE_FAMILY = "1,2";
			};
			name = Release;
		};
		D6F89FC5439C9E26BC565338 /* Release */ = {
			isa = XCBuildConfiguration;
			buildSettings = {
				ALWAYS_SEARCH_USER_PATHS = NO;
				CLANG_ANALYZER_NONNULL = YES;
				CLANG_ANALYZER_NUMBER_OBJECT_CONVERSION = YES_AGGRESSIVE;
				CLANG_CXX_LANGUAGE_STANDARD = "gnu++14";
				CLANG_CXX_LIBRARY = "libc++";
				CLANG_ENABLE_MODULES = YES;
				CLANG_ENABLE_OBJC_ARC = YES;
				CLANG_ENABLE_OBJC_WEAK = YES;
				CLANG_WARN_BLOCK_CAPTURE_AUTORELEASING = YES;
				CLANG_WARN_BOOL_CONVERSION = YES;
				CLANG_WARN_COMMA = YES;
				CLANG_WARN_CONSTANT_CONVERSION = YES;
				CLANG_WARN_DEPRECATED_OBJC_IMPLEMENTATIONS = YES;
				CLANG_WARN_DIRECT_OBJC_ISA_USAGE = YES_ERROR;
				CLANG_WARN_DOCUMENTATION_COMMENTS = YES;
				CLANG_WARN_EMPTY_BODY = YES;
				CLANG_WARN_ENUM_CONVERSION = YES;
				CLANG_WARN_INFINITE_RECURSION = YES;
				CLANG_WARN_INT_CONVERSION = YES;
				CLANG_WARN_NON_LITERAL_NULL_CONVERSION = YES;
				CLANG_WARN_OBJC_IMPLICIT_RETAIN_SELF = YES;
				CLANG_WARN_OBJC_LITERAL_CONVERSION = YES;
				CLANG_WARN_OBJC_ROOT_CLASS = YES_ERROR;
				CLANG_WARN_QUOTED_INCLUDE_IN_FRAMEWORK_HEADER = YES;
				CLANG_WARN_RANGE_LOOP_ANALYSIS = YES;
				CLANG_WARN_STRICT_PROTOTYPES = YES;
				CLANG_WARN_SUSPICIOUS_MOVE = YES;
				CLANG_WARN_UNGUARDED_AVAILABILITY = YES_AGGRESSIVE;
				CLANG_WARN_UNREACHABLE_CODE = YES;
				CLANG_WARN__DUPLICATE_METHOD_MATCH = YES;
				CODE_SIGN_STYLE = Automatic;
				COPY_PHASE_STRIP = NO;
				CURRENT_PROJECT_VERSION = 1;
				DEBUG_INFORMATION_FORMAT = "dwarf-with-dsym";
				DEVELOPMENT_TEAM = G692HH5654;
				ENABLE_NS_ASSERTIONS = NO;
				ENABLE_STRICT_OBJC_MSGSEND = YES;
				GCC_C_LANGUAGE_STANDARD = gnu11;
				GCC_NO_COMMON_BLOCKS = YES;
				GCC_WARN_64_TO_32_BIT_CONVERSION = YES;
				GCC_WARN_ABOUT_RETURN_TYPE = YES_ERROR;
				GCC_WARN_UNDECLARED_SELECTOR = YES;
				GCC_WARN_UNINITIALIZED_AUTOS = YES_AGGRESSIVE;
				GCC_WARN_UNUSED_FUNCTION = YES;
				GCC_WARN_UNUSED_VARIABLE = YES;
				GENERATE_INFOPLIST_FILE = YES;
				INFOPLIST_KEY_CFBundleDisplayName = "AI 一点通";
				IPHONEOS_DEPLOYMENT_TARGET = 17.0;
				MARKETING_VERSION = 1.0;
				MTL_ENABLE_DEBUG_INFO = NO;
				MTL_FAST_MATH = YES;
				PRODUCT_NAME = "$(TARGET_NAME)";
				SWIFT_COMPILATION_MODE = wholemodule;
				SWIFT_OPTIMIZATION_LEVEL = "-O";
				SWIFT_VERSION = 5.0;
				WATCHOS_DEPLOYMENT_TARGET = 10.0;
			};
			name = Release;
		};
		DDAF8125FAB776712416BA0D /* Release */ = {
			isa = XCBuildConfiguration;
			buildSettings = {
				ASSETCATALOG_COMPILER_APPICON_NAME = AppIcon;
				ASSETCATALOG_COMPILER_GLOBAL_ACCENT_COLOR_NAME = AccentColor;
				INFOPLIST_FILE = App/Info.plist;
				PRODUCT_BUNDLE_IDENTIFIER = com.zoey1108.claudetap.watchkitapp;
				PRODUCT_NAME = ClaudeTap;
				SDKROOT = watchos;
				SKIP_INSTALL = YES;
				TARGETED_DEVICE_FAMILY = 4;
			};
			name = Release;
		};
		FF5B20E130367F6DA3B4D153 /* Release */ = {
			isa = XCBuildConfiguration;
			buildSettings = {
				INFOPLIST_FILE = Widget/Info.plist;
				LD_RUNPATH_SEARCH_PATHS = (
					"$(inherited)",
					"@executable_path/Frameworks",
					"@executable_path/../../Frameworks",
				);
				PRODUCT_BUNDLE_IDENTIFIER = com.zoey1108.claudetap.watchkitapp.widget;
				SDKROOT = watchos;
				SKIP_INSTALL = YES;
				TARGETED_DEVICE_FAMILY = 4;
			};
			name = Release;
		};
/* End XCBuildConfiguration section */

/* Begin XCConfigurationList section */
		0EBFB7B15DFC0CFB3DD48AA9 /* Build configuration list for PBXNativeTarget "ClaudeTap" */ = {
			isa = XCConfigurationList;
			buildConfigurations = (
				49E9A9BA71CAA860A0A1408C /* Debug */,
				A4BD5C379B314F617C559562 /* Release */,
			);
			defaultConfigurationIsVisible = 0;
			defaultConfigurationName = Debug;
		};
		39B8D40970F31215C664A485 /* Build configuration list for PBXProject "ClaudeTap" */ = {
			isa = XCConfigurationList;
			buildConfigurations = (
				841C6C375863337EC92C9062 /* Debug */,
				D6F89FC5439C9E26BC565338 /* Release */,
			);
			defaultConfigurationIsVisible = 0;
			defaultConfigurationName = Debug;
		};
		6CE46A481849114498438DC5 /* Build configuration list for PBXNativeTarget "ClaudeTapWidget" */ = {
			isa = XCConfigurationList;
			buildConfigurations = (
				A3A19408081E40164FF7C9FB /* Debug */,
				FF5B20E130367F6DA3B4D153 /* Release */,
			);
			defaultConfigurationIsVisible = 0;
			defaultConfigurationName = Debug;
		};
		874FB94510C6CE0B78E0D8A7 /* Build configuration list for PBXNativeTarget "ClaudeTapWatch" */ = {
			isa = XCConfigurationList;
			buildConfigurations = (
				00AAB32B53CE27351A25863F /* Debug */,
				DDAF8125FAB776712416BA0D /* Release */,
			);
			defaultConfigurationIsVisible = 0;
			defaultConfigurationName = Debug;
		};
/* End XCConfigurationList section */
	};
	rootObject = 6DF678D8C9019C75393F9324 /* Project object */;
}
